// !$*UTF8*$!
{
	archiveVersion = 1;
	classes = {
	};
	objectVersion = 50;
	objects = {

/* Begin PBXBuildFile section */
		9230C8F321976F1600741ABA /* Configuration.swift in Sources */ = {isa = PBXBuildFile; fileRef = 9230C8F221976F1600741ABA /* Configuration.swift */; };
		9230C8F5219770A500741ABA /* InventoryCell.swift in Sources */ = {isa = PBXBuildFile; fileRef = 9230C8F4219770A500741ABA /* InventoryCell.swift */; };
		9230C8F72197743400741ABA /* StatCell.swift in Sources */ = {isa = PBXBuildFile; fileRef = 9230C8F62197743400741ABA /* StatCell.swift */; };
		92508D2121974D0500FD1D1B /* AppDelegate.swift in Sources */ = {isa = PBXBuildFile; fileRef = 92508D2021974D0500FD1D1B /* AppDelegate.swift */; };
		92508D2321974D0500FD1D1B /* ViewController.swift in Sources */ = {isa = PBXBuildFile; fileRef = 92508D2221974D0500FD1D1B /* ViewController.swift */; };
		92508D2621974D0500FD1D1B /* Main.storyboard in Resources */ = {isa = PBXBuildFile; fileRef = 92508D2421974D0500FD1D1B /* Main.storyboard */; };
		92508D2821974D0600FD1D1B /* Assets.xcassets in Resources */ = {isa = PBXBuildFile; fileRef = 92508D2721974D0600FD1D1B /* Assets.xcassets */; };
		92508D2B21974D0600FD1D1B /* LaunchScreen.storyboard in Resources */ = {isa = PBXBuildFile; fileRef = 92508D2921974D0600FD1D1B /* LaunchScreen.storyboard */; };
		92508D372197502B00FD1D1B /* Character.swift in Sources */ = {isa = PBXBuildFile; fileRef = 92508D362197502B00FD1D1B /* Character.swift */; };
		92508D392197511E00FD1D1B /* Items.swift in Sources */ = {isa = PBXBuildFile; fileRef = 92508D382197511E00FD1D1B /* Items.swift */; };
		92C4AE9921A0D47A00645E63 /* Quests.storyboard in Resources */ = {isa = PBXBuildFile; fileRef = 92C4AE9821A0D47A00645E63 /* Quests.storyboard */; };
		92C4AE9B21A0D4A700645E63 /* QuestController.swift in Sources */ = {isa = PBXBuildFile; fileRef = 92C4AE9A21A0D4A700645E63 /* QuestController.swift */; };
		92C4AE9D21A0D64E00645E63 /* Quests.swift in Sources */ = {isa = PBXBuildFile; fileRef = 92C4AE9C21A0D64E00645E63 /* Quests.swift */; };
		92C4AE9F21A0DF3D00645E63 /* QuestProgressController.swift in Sources */ = {isa = PBXBuildFile; fileRef = 92C4AE9E21A0DF3D00645E63 /* QuestProgressController.swift */; };
/* End PBXBuildFile section */

/* Begin PBXFileReference section */
		9230C8F221976F1600741ABA /* Configuration.swift */ = {isa = PBXFileReference; lastKnownFileType = sourcecode.swift; path = Configuration.swift; sourceTree = "<group>"; };
		9230C8F4219770A500741ABA /* InventoryCell.swift */ = {isa = PBXFileReference; lastKnownFileType = sourcecode.swift; path = InventoryCell.swift; sourceTree = "<group>"; };
		9230C8F62197743400741ABA /* StatCell.swift */ = {isa = PBXFileReference; lastKnownFileType = sourcecode.swift; path = StatCell.swift; sourceTree = "<group>"; };
		92508D1D21974D0500FD1D1B /* SwiftRPG.app */ = {isa = PBXFileReference; explicitFileType = wrapper.application; includeInIndex = 0; path = SwiftRPG.app; sourceTree = BUILT_PRODUCTS_DIR; };
		92508D2021974D0500FD1D1B /* AppDelegate.swift */ = {isa = PBXFileReference; lastKnownFileType = sourcecode.swift; path = AppDelegate.swift; sourceTree = "<group>"; };
		92508D2221974D0500FD1D1B /* ViewController.swift */ = {isa = PBXFileReference; lastKnownFileType = sourcecode.swift; path = ViewController.swift; sourceTree = "<group>"; };
		92508D2521974D0500FD1D1B /* Base */ = {isa = PBXFileReference; lastKnownFileType = file.storyboard; name = Base; path = Base.lproj/Main.storyboard; sourceTree = "<group>"; };
		92508D2721974D0600FD1D1B /* Assets.xcassets */ = {isa = PBXFileReference; lastKnownFileType = folder.assetcatalog; path = Assets.xcassets; sourceTree = "<group>"; };
		92508D2A21974D0600FD1D1B /* Base */ = {isa = PBXFileReference; lastKnownFileType = file.storyboard; name = Base; path = Base.lproj/LaunchScreen.storyboard; sourceTree = "<group>"; };
		92508D2C21974D0600FD1D1B /* Info.plist */ = {isa = PBXFileReference; lastKnownFileType = text.plist.xml; path = Info.plist; sourceTree = "<group>"; };
		92508D362197502B00FD1D1B /* Character.swift */ = {isa = PBXFileReference; lastKnownFileType = sourcecode.swift; path = Character.swift; sourceTree = "<group>"; };
		92508D382197511E00FD1D1B /* Items.swift */ = {isa = PBXFileReference; lastKnownFileType = sourcecode.swift; path = Items.swift; sourceTree = "<group>"; };
		92C4AE9821A0D47A00645E63 /* Quests.storyboard */ = {isa = PBXFileReference; lastKnownFileType = file.storyboard; path = Quests.storyboard; sourceTree = "<group>"; };
		92C4AE9A21A0D4A700645E63 /* QuestController.swift */ = {isa = PBXFileReference; lastKnownFileType = sourcecode.swift; path = QuestController.swift; sourceTree = "<group>"; };
		92C4AE9C21A0D64E00645E63 /* Quests.swift */ = {isa = PBXFileReference; lastKnownFileType = sourcecode.swift; path = Quests.swift; sourceTree = "<group>"; };
		92C4AE9E21A0DF3D00645E63 /* QuestProgressController.swift */ = {isa = PBXFileReference; lastKnownFileType = sourcecode.swift; path = QuestProgressController.swift; sourceTree = "<group>"; };
/* End PBXFileReference section */

/* Begin PBXFrameworksBuildPhase section */
		92508D1A21974D0500FD1D1B /* Frameworks */ = {
			isa = PBXFrameworksBuildPhase;
			buildActionMask = 2147483647;
			files = (
			);
			runOnlyForDeploymentPostprocessing = 0;
		};
/* End PBXFrameworksBuildPhase section */

/* Begin PBXGroup section */
		9230C8F82197747800741ABA /* Custom Cells */ = {
			isa = PBXGroup;
			children = (
				9230C8F4219770A500741ABA /* InventoryCell.swift */,
				9230C8F62197743400741ABA /* StatCell.swift */,
			);
			path = "Custom Cells";
			sourceTree = "<group>";
		};
		92508D1421974D0500FD1D1B = {
			isa = PBXGroup;
			children = (
				92508D1F21974D0500FD1D1B /* SwiftRPG */,
				92508D1E21974D0500FD1D1B /* Products */,
			);
			sourceTree = "<group>";
		};
		92508D1E21974D0500FD1D1B /* Products */ = {
			isa = PBXGroup;
			children = (
				92508D1D21974D0500FD1D1B /* SwiftRPG.app */,
			);
			name = Products;
			sourceTree = "<group>";
		};
		92508D1F21974D0500FD1D1B /* SwiftRPG */ = {
			isa = PBXGroup;
			children = (
				92508D3421974FFE00FD1D1B /* Model */,
				92508D3321974FF500FD1D1B /* Controller */,
				92508D3221974FE200FD1D1B /* View */,
				92508D2721974D0600FD1D1B /* Assets.xcassets */,
				92508D2C21974D0600FD1D1B /* Info.plist */,
			);
			path = SwiftRPG;
			sourceTree = "<group>";
		};
		92508D3221974FE200FD1D1B /* View */ = {
			isa = PBXGroup;
			children = (
				92508D2921974D0600FD1D1B /* LaunchScreen.storyboard */,
				92508D2421974D0500FD1D1B /* Main.storyboard */,
				92C4AE9821A0D47A00645E63 /* Quests.storyboard */,
			);
			path = View;
			sourceTree = "<group>";
		};
		92508D3321974FF500FD1D1B /* Controller */ = {
			isa = PBXGroup;
			children = (
				92508D2221974D0500FD1D1B /* ViewController.swift */,
				92C4AE9A21A0D4A700645E63 /* QuestController.swift */,
				92C4AE9E21A0DF3D00645E63 /* QuestProgressController.swift */,
			);
			path = Controller;
			sourceTree = "<group>";
		};
		92508D3421974FFE00FD1D1B /* Model */ = {
			isa = PBXGroup;
			children = (
				92508D352197501800FD1D1B /* Systems */,
				92508D2021974D0500FD1D1B /* AppDelegate.swift */,
				9230C8F221976F1600741ABA /* Configuration.swift */,
				9230C8F82197747800741ABA /* Custom Cells */,
			);
			path = Model;
			sourceTree = "<group>";
		};
		92508D352197501800FD1D1B /* Systems */ = {
			isa = PBXGroup;
			children = (
				92508D362197502B00FD1D1B /* Character.swift */,
				92508D382197511E00FD1D1B /* Items.swift */,
				92C4AE9C21A0D64E00645E63 /* Quests.swift */,
			);
			path = Systems;
			sourceTree = "<group>";
		};
/* End PBXGroup section */

/* Begin PBXNativeTarget section */
		92508D1C21974D0500FD1D1B /* SwiftRPG */ = {
			isa = PBXNativeTarget;
			buildConfigurationList = 92508D2F21974D0600FD1D1B /* Build configuration list for PBXNativeTarget "SwiftRPG" */;
			buildPhases = (
				92508D1921974D0500FD1D1B /* Sources */,
				92508D1A21974D0500FD1D1B /* Frameworks */,
				92508D1B21974D0500FD1D1B /* Resources */,
			);
			buildRules = (
			);
			dependencies = (
			);
			name = SwiftRPG;
			productName = SwiftRPG;
			productReference = 92508D1D21974D0500FD1D1B /* SwiftRPG.app */;
			productType = "com.apple.product-type.application";
		};
/* End PBXNativeTarget section */

/* Begin PBXProject section */
		92508D1521974D0500FD1D1B /* Project object */ = {
			isa = PBXProject;
			attributes = {
				LastSwiftUpdateCheck = 1010;
				LastUpgradeCheck = 1010;
				ORGANIZATIONNAME = "Martin Dichtler";
				TargetAttributes = {
					92508D1C21974D0500FD1D1B = {
						CreatedOnToolsVersion = 10.1;
					};
				};
			};
			buildConfigurationList = 92508D1821974D0500FD1D1B /* Build configuration list for PBXProject "SwiftRPG" */;
			compatibilityVersion = "Xcode 9.3";
			developmentRegion = en;
			hasScannedForEncodings = 0;
			knownRegions = (
				en,
				Base,
			);
			mainGroup = 92508D1421974D0500FD1D1B;
			productRefGroup = 92508D1E21974D0500FD1D1B /* Products */;
			projectDirPath = "";
			projectRoot = "";
			targets = (
				92508D1C21974D0500FD1D1B /* SwiftRPG */,
			);
		};
/* End PBXProject section */

/* Begin PBXResourcesBuildPhase section */
		92508D1B21974D0500FD1D1B /* Resources */ = {
			isa = PBXResourcesBuildPhase;
			buildActionMask = 2147483647;
			files = (
				92508D2B21974D0600FD1D1B /* LaunchScreen.storyboard in Resources */,
				92C4AE9921A0D47A00645E63 /* Quests.storyboard in Resources */,
				92508D2821974D0600FD1D1B /* Assets.xcassets in Resources */,
				92508D2621974D0500FD1D1B /* Main.storyboard in Resources */,
			);
			runOnlyForDeploymentPostprocessing = 0;
		};
/* End PBXResourcesBuildPhase section */

/* Begin PBXSourcesBuildPhase section */
		92508D1921974D0500FD1D1B /* Sources */ = {
			isa = PBXSourcesBuildPhase;
			buildActionMask = 2147483647;
			files = (
				92508D392197511E00FD1D1B /* Items.swift in Sources */,
				9230C8F321976F1600741ABA /* Configuration.swift in Sources */,
				9230C8F5219770A500741ABA /* InventoryCell.swift in Sources */,
				92C4AE9D21A0D64E00645E63 /* Quests.swift in Sources */,
				92508D372197502B00FD1D1B /* Character.swift in Sources */,
				92C4AE9F21A0DF3D00645E63 /* QuestProgressController.swift in Sources */,
				92508D2321974D0500FD1D1B /* ViewController.swift in Sources */,
				92508D2121974D0500FD1D1B /* AppDelegate.swift in Sources */,
				92C4AE9B21A0D4A700645E63 /* QuestController.swift in Sources */,
				9230C8F72197743400741ABA /* StatCell.swift in Sources */,
			);
			runOnlyForDeploymentPostprocessing = 0;
		};
/* End PBXSourcesBuildPhase section */

/* Begin PBXVariantGroup section */
		92508D2421974D0500FD1D1B /* Main.storyboard */ = {
			isa = PBXVariantGroup;
			children = (
				92508D2521974D0500FD1D1B /* Base */,
			);
			name = Main.storyboard;
			sourceTree = "<group>";
		};
		92508D2921974D0600FD1D1B /* LaunchScreen.storyboard */ = {
			isa = PBXVariantGroup;
			children = (
				92508D2A21974D0600FD1D1B /* Base */,
			);
			name = LaunchScreen.storyboard;
			sourceTree = "<group>";
		};
/* End PBXVariantGroup section */

/* Begin XCBuildConfiguration section */
		92508D2D21974D0600FD1D1B /* Debug */ = {
			isa = XCBuildConfiguration;
			buildSettings = {
				ALWAYS_SEARCH_USER_PATHS = NO;
				CLANG_ANALYZER_NONNULL = YES;
				CLANG_ANALYZER_NUMBER_OBJECT_CONVERSION = YES_AGGRESSIVE;
				CLANG_CXX_LANGUAGE_STANDARD = "gnu++14";
				CLANG_CXX_LIBRARY = "libc++";
				CLANG_ENABLE_MODULES = YES;
				CLANG_ENABLE_OBJC_ARC = YES;
				CLANG_ENABLE_OBJC_WEAK = YES;
				CLANG_WARN_BLOCK_CAPTURE_AUTORELEASING = YES;
				CLANG_WARN_BOOL_CONVERSION = YES;
				CLANG_WARN_COMMA = YES;
				CLANG_WARN_CONSTANT_CONVERSION = YES;
				CLANG_WARN_DEPRECATED_OBJC_IMPLEMENTATIONS = YES;
				CLANG_WARN_DIRECT_OBJC_ISA_USAGE = YES_ERROR;
				CLANG_WARN_DOCUMENTATION_COMMENTS = YES;
				CLANG_WARN_EMPTY_BODY = YES;
				CLANG_WARN_ENUM_CONVERSION = YES;
				CLANG_WARN_INFINITE_RECURSION = YES;
				CLANG_WARN_INT_CONVERSION = YES;
				CLANG_WARN_NON_LITERAL_NULL_CONVERSION = YES;
				CLANG_WARN_OBJC_IMPLICIT_RETAIN_SELF = YES;
				CLANG_WARN_OBJC_LITERAL_CONVERSION = YES;
				CLANG_WARN_OBJC_ROOT_CLASS = YES_ERROR;
				CLANG_WARN_RANGE_LOOP_ANALYSIS = YES;
				CLANG_WARN_STRICT_PROTOTYPES = YES;
				CLANG_WARN_SUSPICIOUS_MOVE = YES;
				CLANG_WARN_UNGUARDED_AVAILABILITY = YES_AGGRESSIVE;
				CLANG_WARN_UNREACHABLE_CODE = YES;
				CLANG_WARN__DUPLICATE_METHOD_MATCH = YES;
				CODE_SIGN_IDENTITY = "iPhone Developer";
				COPY_PHASE_STRIP = NO;
				DEBUG_INFORMATION_FORMAT = dwarf;
				ENABLE_STRICT_OBJC_MSGSEND = YES;
				ENABLE_TESTABILITY = YES;
				GCC_C_LANGUAGE_STANDARD = gnu11;
				GCC_DYNAMIC_NO_PIC = NO;
				GCC_NO_COMMON_BLOCKS = YES;
				GCC_OPTIMIZATION_LEVEL = 0;
				GCC_PREPROCESSOR_DEFINITIONS = (
					"DEBUG=1",
					"$(inherited)",
				);
				GCC_WARN_64_TO_32_BIT_CONVERSION = YES;
				GCC_WARN_ABOUT_RETURN_TYPE = YES_ERROR;
				GCC_WARN_UNDECLARED_SELECTOR = YES;
				GCC_WARN_UNINITIALIZED_AUTOS = YES_AGGRESSIVE;
				GCC_WARN_UNUSED_FUNCTION = YES;
				GCC_WARN_UNUSED_VARIABLE = YES;
				IPHONEOS_DEPLOYMENT_TARGET = 12.1;
				MTL_ENABLE_DEBUG_INFO = INCLUDE_SOURCE;
				MTL_FAST_MATH = YES;
				ONLY_ACTIVE_ARCH = YES;
				SDKROOT = iphoneos;
				SWIFT_ACTIVE_COMPILATION_CONDITIONS = DEBUG;
				SWIFT_OPTIMIZATION_LEVEL = "-Onone";
			};
			name = Debug;
		};
		92508D2E21974D0600FD1D1B /* Release */ = {
			isa = XCBuildConfiguration;
			buildSettings = {
				ALWAYS_SEARCH_USER_PATHS = NO;
				CLANG_ANALYZER_NONNULL = YES;
				CLANG_ANALYZER_NUMBER_OBJECT_CONVERSION = YES_AGGRESSIVE;
				CLANG_CXX_LANGUAGE_STANDARD = "gnu++14";
				CLANG_CXX_LIBRARY = "libc++";
				CLANG_ENABLE_MODULES = YES;
				CLANG_ENABLE_OBJC_ARC = YES;
				CLANG_ENABLE_OBJC_WEAK = YES;
				CLANG_WARN_BLOCK_CAPTURE_AUTORELEASING = YES;
				CLANG_WARN_BOOL_CONVERSION = YES;
				CLANG_WARN_COMMA = YES;
				CLANG_WARN_CONSTANT_CONVERSION = YES;
				CLANG_WARN_DEPRECATED_OBJC_IMPLEMENTATIONS = YES;
				CLANG_WARN_DIRECT_OBJC_ISA_USAGE = YES_ERROR;
				CLANG_WARN_DOCUMENTATION_COMMENTS = YES;
				CLANG_WARN_EMPTY_BODY = YES;
				CLANG_WARN_ENUM_CONVERSION = YES;
				CLANG_WARN_INFINITE_RECURSION = YES;
				CLANG_WARN_INT_CONVERSION = YES;
				CLANG_WARN_NON_LITERAL_NULL_CONVERSION = YES;
				CLANG_WARN_OBJC_IMPLICIT_RETAIN_SELF = YES;
				CLANG_WARN_OBJC_LITERAL_CONVERSION = YES;
				CLANG_WARN_OBJC_ROOT_CLASS = YES_ERROR;
				CLANG_WARN_RANGE_LOOP_ANALYSIS = YES;
				CLANG_WARN_STRICT_PROTOTYPES = YES;
				CLANG_WARN_SUSPICIOUS_MOVE = YES;
				CLANG_WARN_UNGUARDED_AVAILABILITY = YES_AGGRESSIVE;
				CLANG_WARN_UNREACHABLE_CODE = YES;
				CLANG_WARN__DUPLICATE_METHOD_MATCH = YES;
				CODE_SIGN_IDENTITY = "iPhone Developer";
				COPY_PHASE_STRIP = NO;
				DEBUG_INFORMATION_FORMAT = "dwarf-with-dsym";
				ENABLE_NS_ASSERTIONS = NO;
				ENABLE_STRICT_OBJC_MSGSEND = YES;
				GCC_C_LANGUAGE_STANDARD = gnu11;
				GCC_NO_COMMON_BLOCKS = YES;
				GCC_WARN_64_TO_32_BIT_CONVERSION = YES;
				GCC_WARN_ABOUT_RETURN_TYPE = YES_ERROR;
				GCC_WARN_UNDECLARED_SELECTOR = YES;
				GCC_WARN_UNINITIALIZED_AUTOS = YES_AGGRESSIVE;
				GCC_WARN_UNUSED_FUNCTION = YES;
				GCC_WARN_UNUSED_VARIABLE = YES;
				IPHONEOS_DEPLOYMENT_TARGET = 12.1;
				MTL_ENABLE_DEBUG_INFO = NO;
				MTL_FAST_MATH = YES;
				SDKROOT = iphoneos;
				SWIFT_COMPILATION_MODE = wholemodule;
				SWIFT_OPTIMIZATION_LEVEL = "-O";
				VALIDATE_PRODUCT = YES;
			};
			name = Release;
		};
		92508D3021974D0600FD1D1B /* Debug */ = {
			isa = XCBuildConfiguration;
			buildSettings = {
				ASSETCATALOG_COMPILER_APPICON_NAME = AppIcon;
				CODE_SIGN_STYLE = Automatic;
				DEVELOPMENT_TEAM = NAA7K3ZC28;
				INFOPLIST_FILE = SwiftRPG/Info.plist;
				LD_RUNPATH_SEARCH_PATHS = (
					"$(inherited)",
					"@executable_path/Frameworks",
				);
				PRODUCT_BUNDLE_IDENTIFIER = com.MartinDichtler.SwiftRPG;
				PRODUCT_NAME = "$(TARGET_NAME)";
				SWIFT_VERSION = 4.2;
				TARGETED_DEVICE_FAMILY = "1,2";
			};
			name = Debug;
		};
		92508D3121974D0600FD1D1B /* Release */ = {
			isa = XCBuildConfiguration;
			buildSettings = {
				ASSETCATALOG_COMPILER_APPICON_NAME = AppIcon;
				CODE_SIGN_STYLE = Automatic;
				DEVELOPMENT_TEAM = NAA7K3ZC28;
				INFOPLIST_FILE = SwiftRPG/Info.plist;
				LD_RUNPATH_SEARCH_PATHS = (
					"$(inherited)",
					"@executable_path/Frameworks",
				);
				PRODUCT_BUNDLE_IDENTIFIER = com.MartinDichtler.SwiftRPG;
				PRODUCT_NAME = "$(TARGET_NAME)";
				SWIFT_VERSION = 4.2;
				TARGETED_DEVICE_FAMILY = "1,2";
			};
			name = Release;
		};
/* End XCBuildConfiguration section */

/* Begin XCConfigurationList section */
		92508D1821974D0500FD1D1B /* Build configuration list for PBXProject "SwiftRPG" */ = {
			isa = XCConfigurationList;
			buildConfigurations = (
				92508D2D21974D0600FD1D1B /* Debug */,
				92508D2E21974D0600FD1D1B /* Release */,
			);
			defaultConfigurationIsVisible = 0;
			defaultConfigurationName = Release;
		};
		92508D2F21974D0600FD1D1B /* Build configuration list for PBXNativeTarget "SwiftRPG" */ = {
			isa = XCConfigurationList;
			buildConfigurations = (
				92508D3021974D0600FD1D1B /* Debug */,
				92508D3121974D0600FD1D1B /* Release */,
			);
			defaultConfigurationIsVisible = 0;
			defaultConfigurationName = Release;
		};
/* End XCConfigurationList section */
	};
	rootObject = 92508D1521974D0500FD1D1B /* Project object */;
}
